PODS:
  - Crashlytics (3.10.2):
    - Fabric (~> 1.7.7)
  - Fabric (1.7.7)
  - QBImagePickerController (3.4.0)
  - RSKImageCropper (2.0.1)

DEPENDENCIES:
  - Crashlytics
  - Fabric
  - QBImagePickerController
  - RSKImageCropper

SPEC CHECKSUMS:
  Crashlytics: 0360624eea1c978a743feddb2fb1ef8b37fb7a0d
  Fabric: bda89e242bce1b7b8ab264248cf3407774ce0095
  QBImagePickerController: d54cf93db6decf26baf6ed3472f336ef35cae022
  RSKImageCropper: 50d5a3e4160f0309b14d75b89d5ae2f496d56e0d

PODFILE CHECKSUM: a730592f86d669586a11f411cba02b44b94f4a50

COCOAPODS: 1.4.0
